// !$*UTF8*$!
{
	archiveVersion = 1;
	classes = {
	};
	objectVersion = 55;
	objects = {

/* Begin PBXBuildFile section */
		9F4AF4E3275154BA00E310A5 /* AppDelegate.swift in Sources */ = {isa = PBXBuildFile; fileRef = 9F4AF4E2275154BA00E310A5 /* AppDelegate.swift */; };
		9F4AF4E5275154BA00E310A5 /* SceneDelegate.swift in Sources */ = {isa = PBXBuildFile; fileRef = 9F4AF4E4275154BA00E310A5 /* SceneDelegate.swift */; };
		9F4AF4EA275154BA00E310A5 /* Main.storyboard in Resources */ = {isa = PBXBuildFile; fileRef = 9F4AF4E8275154BA00E310A5 /* Main.storyboard */; };
		9F4AF4EF275154BD00E310A5 /* LaunchScreen.storyboard in Resources */ = {isa = PBXBuildFile; fileRef = 9F4AF4ED275154BD00E310A5 /* LaunchScreen.storyboard */; };
		9F4AF4FD275154CB00E310A5 /* Product.swift in Sources */ = {isa = PBXBuildFile; fileRef = 9F4AF4F7275154CB00E310A5 /* Product.swift */; };
		9F4AF4FE275154CB00E310A5 /* ProductViewController.swift in Sources */ = {isa = PBXBuildFile; fileRef = 9F4AF4F9275154CB00E310A5 /* ProductViewController.swift */; };
		9F4AF500275154CB00E310A5 /* ProductTableviewCell.swift in Sources */ = {isa = PBXBuildFile; fileRef = 9F4AF4FC275154CB00E310A5 /* ProductTableviewCell.swift */; };
		9F5C836B2751553F0080F770 /* Assets.xcassets in Resources */ = {isa = PBXBuildFile; fileRef = 9F5C836A2751553F0080F770 /* Assets.xcassets */; };
		9F5C836D275167170080F770 /* ProductDetailViewController.swift in Sources */ = {isa = PBXBuildFile; fileRef = 9F5C836C275167170080F770 /* ProductDetailViewController.swift */; };
/* End PBXBuildFile section */

/* Begin PBXFileReference section */
		9F4AF4DF275154BA00E310A5 /* Fake-Product-App.app */ = {isa = PBXFileReference; explicitFileType = wrapper.application; includeInIndex = 0; path = "Fake-Product-App.app"; sourceTree = BUILT_PRODUCTS_DIR; };
		9F4AF4E2275154BA00E310A5 /* AppDelegate.swift */ = {isa = PBXFileReference; lastKnownFileType = sourcecode.swift; path = AppDelegate.swift; sourceTree = "<group>"; };
		9F4AF4E4275154BA00E310A5 /* SceneDelegate.swift */ = {isa = PBXFileReference; lastKnownFileType = sourcecode.swift; path = SceneDelegate.swift; sourceTree = "<group>"; };
		9F4AF4E9275154BA00E310A5 /* Base */ = {isa = PBXFileReference; lastKnownFileType = file.storyboard; name = Base; path = Base.lproj/Main.storyboard; sourceTree = "<group>"; };
		9F4AF4EE275154BD00E310A5 /* Base */ = {isa = PBXFileReference; lastKnownFileType = file.storyboard; name = Base; path = Base.lproj/LaunchScreen.storyboard; sourceTree = "<group>"; };
		9F4AF4F0275154BD00E310A5 /* Info.plist */ = {isa = PBXFileReference; lastKnownFileType = text.plist.xml; path = Info.plist; sourceTree = "<group>"; };
		9F4AF4F7275154CB00E310A5 /* Product.swift */ = {isa = PBXFileReference; fileEncoding = 4; lastKnownFileType = sourcecode.swift; path = Product.swift; sourceTree = "<group>"; };
		9F4AF4F9275154CB00E310A5 /* ProductViewController.swift */ = {isa = PBXFileReference; fileEncoding = 4; lastKnownFileType = sourcecode.swift; path = ProductViewController.swift; sourceTree = "<group>"; };
		9F4AF4FC275154CB00E310A5 /* ProductTableviewCell.swift */ = {isa = PBXFileReference; fileEncoding = 4; lastKnownFileType = sourcecode.swift; path = ProductTableviewCell.swift; sourceTree = "<group>"; };
		9F5C836A2751553F0080F770 /* Assets.xcassets */ = {isa = PBXFileReference; lastKnownFileType = folder.assetcatalog; path = Assets.xcassets; sourceTree = "<group>"; };
		9F5C836C275167170080F770 /* ProductDetailViewController.swift */ = {isa = PBXFileReference; lastKnownFileType = sourcecode.swift; path = ProductDetailViewController.swift; sourceTree = "<group>"; };
/* End PBXFileReference section */

/* Begin PBXFrameworksBuildPhase section */
		9F4AF4DC275154BA00E310A5 /* Frameworks */ = {
			isa = PBXFrameworksBuildPhase;
			buildActionMask = 2147483647;
			files = (
			);
			runOnlyForDeploymentPostprocessing = 0;
		};
/* End PBXFrameworksBuildPhase section */

/* Begin PBXGroup section */
		9F4AF4D6275154BA00E310A5 = {
			isa = PBXGroup;
			children = (
				9F4AF4E1275154BA00E310A5 /* Fake-Product-App */,
				9F4AF4E0275154BA00E310A5 /* Products */,
			);
			sourceTree = "<group>";
		};
		9F4AF4E0275154BA00E310A5 /* Products */ = {
			isa = PBXGroup;
			children = (
				9F4AF4DF275154BA00E310A5 /* Fake-Product-App.app */,
			);
			name = Products;
			sourceTree = "<group>";
		};
		9F4AF4E1275154BA00E310A5 /* Fake-Product-App */ = {
			isa = PBXGroup;
			children = (
				9F4AF4F6275154CB00E310A5 /* Models */,
				9F4AF4F8275154CB00E310A5 /* ViewControllers */,
				9F4AF4FB275154CB00E310A5 /* Views */,
				9F4AF4E2275154BA00E310A5 /* AppDelegate.swift */,
				9F4AF4E4275154BA00E310A5 /* SceneDelegate.swift */,
				9F4AF4E8275154BA00E310A5 /* Main.storyboard */,
				9F4AF4ED275154BD00E310A5 /* LaunchScreen.storyboard */,
				9F5C836A2751553F0080F770 /* Assets.xcassets */,
				9F4AF4F0275154BD00E310A5 /* Info.plist */,
			);
			path = "Fake-Product-App";
			sourceTree = "<group>";
		};
		9F4AF4F6275154CB00E310A5 /* Models */ = {
			isa = PBXGroup;
			children = (
				9F4AF4F7275154CB00E310A5 /* Product.swift */,
			);
			path = Models;
			sourceTree = "<group>";
		};
		9F4AF4F8275154CB00E310A5 /* ViewControllers */ = {
			isa = PBXGroup;
			children = (
				9F4AF4F9275154CB00E310A5 /* ProductViewController.swift */,
				9F5C836C275167170080F770 /* ProductDetailViewController.swift */,
			);
			path = ViewControllers;
			sourceTree = "<group>";
		};
		9F4AF4FB275154CB00E310A5 /* Views */ = {
			isa = PBXGroup;
			children = (
				9F4AF4FC275154CB00E310A5 /* ProductTableviewCell.swift */,
			);
			path = Views;
			sourceTree = "<group>";
		};
/* End PBXGroup section */

/* Begin PBXNativeTarget section */
		9F4AF4DE275154BA00E310A5 /* Fake-Product-App */ = {
			isa = PBXNativeTarget;
			buildConfigurationList = 9F4AF4F3275154BD00E310A5 /* Build configuration list for PBXNativeTarget "Fake-Product-App" */;
			buildPhases = (
				9F4AF4DB275154BA00E310A5 /* Sources */,
				9F4AF4DC275154BA00E310A5 /* Frameworks */,
				9F4AF4DD275154BA00E310A5 /* Resources */,
			);
			buildRules = (
			);
			dependencies = (
			);
			name = "Fake-Product-App";
			productName = "Fake-Product-App";
			productReference = 9F4AF4DF275154BA00E310A5 /* Fake-Product-App.app */;
			productType = "com.apple.product-type.application";
		};
/* End PBXNativeTarget section */

/* Begin PBXProject section */
		9F4AF4D7275154BA00E310A5 /* Project object */ = {
			isa = PBXProject;
			attributes = {
				BuildIndependentTargetsInParallel = 1;
				LastSwiftUpdateCheck = 1310;
				LastUpgradeCheck = 1310;
				TargetAttributes = {
					9F4AF4DE275154BA00E310A5 = {
						CreatedOnToolsVersion = 13.1;
					};
				};
			};
			buildConfigurationList = 9F4AF4DA275154BA00E310A5 /* Build configuration list for PBXProject "Fake-Product-App" */;
			compatibilityVersion = "Xcode 13.0";
			developmentRegion = en;
			hasScannedForEncodings = 0;
			knownRegions = (
				en,
				Base,
			);
			mainGroup = 9F4AF4D6275154BA00E310A5;
			productRefGroup = 9F4AF4E0275154BA00E310A5 /* Products */;
			projectDirPath = "";
			projectRoot = "";
			targets = (
				9F4AF4DE275154BA00E310A5 /* Fake-Product-App */,
			);
		};
/* End PBXProject section */

/* Begin PBXResourcesBuildPhase section */
		9F4AF4DD275154BA00E310A5 /* Resources */ = {
			isa = PBXResourcesBuildPhase;
			buildActionMask = 2147483647;
			files = (
				9F4AF4EF275154BD00E310A5 /* LaunchScreen.storyboard in Resources */,
				9F5C836B2751553F0080F770 /* Assets.xcassets in Resources */,
				9F4AF4EA275154BA00E310A5 /* Main.storyboard in Resources */,
			);
			runOnlyForDeploymentPostprocessing = 0;
		};
/* End PBXResourcesBuildPhase section */

/* Begin PBXSourcesBuildPhase section */
		9F4AF4DB275154BA00E310A5 /* Sources */ = {
			isa = PBXSourcesBuildPhase;
			buildActionMask = 2147483647;
			files = (
				9F4AF4FE275154CB00E310A5 /* ProductViewController.swift in Sources */,
				9F4AF500275154CB00E310A5 /* ProductTableviewCell.swift in Sources */,
				9F4AF4FD275154CB00E310A5 /* Product.swift in Sources */,
				9F4AF4E3275154BA00E310A5 /* AppDelegate.swift in Sources */,
				9F4AF4E5275154BA00E310A5 /* SceneDelegate.swift in Sources */,
				9F5C836D275167170080F770 /* ProductDetailViewController.swift in Sources */,
			);
			runOnlyForDeploymentPostprocessing = 0;
		};
/* End PBXSourcesBuildPhase section */

/* Begin PBXVariantGroup section */
		9F4AF4E8275154BA00E310A5 /* Main.storyboard */ = {
			isa = PBXVariantGroup;
			children = (
				9F4AF4E9275154BA00E310A5 /* Base */,
			);
			name = Main.storyboard;
			sourceTree = "<group>";
		};
		9F4AF4ED275154BD00E310A5 /* LaunchScreen.storyboard */ = {
			isa = PBXVariantGroup;
			children = (
				9F4AF4EE275154BD00E310A5 /* Base */,
			);
			name = LaunchScreen.storyboard;
			sourceTree = "<group>";
		};
/* End PBXVariantGroup section */

/* Begin XCBuildConfiguration section */
		9F4AF4F1275154BD00E310A5 /* Debug */ = {
			isa = XCBuildConfiguration;
			buildSettings = {
				ALWAYS_SEARCH_USER_PATHS = NO;
				CLANG_ANALYZER_NONNULL = YES;
				CLANG_ANALYZER_NUMBER_OBJECT_CONVERSION = YES_AGGRESSIVE;
				CLANG_CXX_LANGUAGE_STANDARD = "gnu++17";
				CLANG_CXX_LIBRARY = "libc++";
				CLANG_ENABLE_MODULES = YES;
				CLANG_ENABLE_OBJC_ARC = YES;
				CLANG_ENABLE_OBJC_WEAK = YES;
				CLANG_WARN_BLOCK_CAPTURE_AUTORELEASING = YES;
				CLANG_WARN_BOOL_CONVERSION = YES;
				CLANG_WARN_COMMA = YES;
				CLANG_WARN_CONSTANT_CONVERSION = YES;
				CLANG_WARN_DEPRECATED_OBJC_IMPLEMENTATIONS = YES;
				CLANG_WARN_DIRECT_OBJC_ISA_USAGE = YES_ERROR;
				CLANG_WARN_DOCUMENTATION_COMMENTS = YES;
				CLANG_WARN_EMPTY_BODY = YES;
				CLANG_WARN_ENUM_CONVERSION = YES;
				CLANG_WARN_INFINITE_RECURSION = YES;
				CLANG_WARN_INT_CONVERSION = YES;
				CLANG_WARN_NON_LITERAL_NULL_CONVERSION = YES;
				CLANG_WARN_OBJC_IMPLICIT_RETAIN_SELF = YES;
				CLANG_WARN_OBJC_LITERAL_CONVERSION = YES;
				CLANG_WARN_OBJC_ROOT_CLASS = YES_ERROR;
				CLANG_WARN_QUOTED_INCLUDE_IN_FRAMEWORK_HEADER = YES;
				CLANG_WARN_RANGE_LOOP_ANALYSIS = YES;
				CLANG_WARN_STRICT_PROTOTYPES = YES;
				CLANG_WARN_SUSPICIOUS_MOVE = YES;
				CLANG_WARN_UNGUARDED_AVAILABILITY = YES_AGGRESSIVE;
				CLANG_WARN_UNREACHABLE_CODE = YES;
				CLANG_WARN__DUPLICATE_METHOD_MATCH = YES;
				COPY_PHASE_STRIP = NO;
				DEBUG_INFORMATION_FORMAT = dwarf;
				ENABLE_STRICT_OBJC_MSGSEND = YES;
				ENABLE_TESTABILITY = YES;
				GCC_C_LANGUAGE_STANDARD = gnu11;
				GCC_DYNAMIC_NO_PIC = NO;
				GCC_NO_COMMON_BLOCKS = YES;
				GCC_OPTIMIZATION_LEVEL = 0;
				GCC_PREPROCESSOR_DEFINITIONS = (
					"DEBUG=1",
					"$(inherited)",
				);
				GCC_WARN_64_TO_32_BIT_CONVERSION = YES;
				GCC_WARN_ABOUT_RETURN_TYPE = YES_ERROR;
				GCC_WARN_UNDECLARED_SELECTOR = YES;
				GCC_WARN_UNINITIALIZED_AUTOS = YES_AGGRESSIVE;
				GCC_WARN_UNUSED_FUNCTION = YES;
				GCC_WARN_UNUSED_VARIABLE = YES;
				IPHONEOS_DEPLOYMENT_TARGET = 15.0;
				MTL_ENABLE_DEBUG_INFO = INCLUDE_SOURCE;
				MTL_FAST_MATH = YES;
				ONLY_ACTIVE_ARCH = YES;
				SDKROOT = iphoneos;
				SWIFT_ACTIVE_COMPILATION_CONDITIONS = DEBUG;
				SWIFT_OPTIMIZATION_LEVEL = "-Onone";
			};
			name = Debug;
		};
		9F4AF4F2275154BD00E310A5 /* Release */ = {
			isa = XCBuildConfiguration;
			buildSettings = {
				ALWAYS_SEARCH_USER_PATHS = NO;
				CLANG_ANALYZER_NONNULL = YES;
				CLANG_ANALYZER_NUMBER_OBJECT_CONVERSION = YES_AGGRESSIVE;
				CLANG_CXX_LANGUAGE_STANDARD = "gnu++17";
				CLANG_CXX_LIBRARY = "libc++";
				CLANG_ENABLE_MODULES = YES;
				CLANG_ENABLE_OBJC_ARC = YES;
				CLANG_ENABLE_OBJC_WEAK = YES;
				CLANG_WARN_BLOCK_CAPTURE_AUTORELEASING = YES;
				CLANG_WARN_BOOL_CONVERSION = YES;
				CLANG_WARN_COMMA = YES;
				CLANG_WARN_CONSTANT_CONVERSION = YES;
				CLANG_WARN_DEPRECATED_OBJC_IMPLEMENTATIONS = YES;
				CLANG_WARN_DIRECT_OBJC_ISA_USAGE = YES_ERROR;
				CLANG_WARN_DOCUMENTATION_COMMENTS = YES;
				CLANG_WARN_EMPTY_BODY = YES;
				CLANG_WARN_ENUM_CONVERSION = YES;
				CLANG_WARN_INFINITE_RECURSION = YES;
				CLANG_WARN_INT_CONVERSION = YES;
				CLANG_WARN_NON_LITERAL_NULL_CONVERSION = YES;
				CLANG_WARN_OBJC_IMPLICIT_RETAIN_SELF = YES;
				CLANG_WARN_OBJC_LITERAL_CONVERSION = YES;
				CLANG_WARN_OBJC_ROOT_CLASS = YES_ERROR;
				CLANG_WARN_QUOTED_INCLUDE_IN_FRAMEWORK_HEADER = YES;
				CLANG_WARN_RANGE_LOOP_ANALYSIS = YES;
				CLANG_WARN_STRICT_PROTOTYPES = YES;
				CLANG_WARN_SUSPICIOUS_MOVE = YES;
				CLANG_WARN_UNGUARDED_AVAILABILITY = YES_AGGRESSIVE;
				CLANG_WARN_UNREACHABLE_CODE = YES;
				CLANG_WARN__DUPLICATE_METHOD_MATCH = YES;
				COPY_PHASE_STRIP = NO;
				DEBUG_INFORMATION_FORMAT = "dwarf-with-dsym";
				ENABLE_NS_ASSERTIONS = NO;
				ENABLE_STRICT_OBJC_MSGSEND = YES;
				GCC_C_LANGUAGE_STANDARD = gnu11;
				GCC_NO_COMMON_BLOCKS = YES;
				GCC_WARN_64_TO_32_BIT_CONVERSION = YES;
				GCC_WARN_ABOUT_RETURN_TYPE = YES_ERROR;
				GCC_WARN_UNDECLARED_SELECTOR = YES;
				GCC_WARN_UNINITIALIZED_AUTOS = YES_AGGRESSIVE;
				GCC_WARN_UNUSED_FUNCTION = YES;
				GCC_WARN_UNUSED_VARIABLE = YES;
				IPHONEOS_DEPLOYMENT_TARGET = 15.0;
				MTL_ENABLE_DEBUG_INFO = NO;
				MTL_FAST_MATH = YES;
				SDKROOT = iphoneos;
				SWIFT_COMPILATION_MODE = wholemodule;
				SWIFT_OPTIMIZATION_LEVEL = "-O";
				VALIDATE_PRODUCT = YES;
			};
			name = Release;
		};
		9F4AF4F4275154BD00E310A5 /* Debug */ = {
			isa = XCBuildConfiguration;
			buildSettings = {
				ASSETCATALOG_COMPILER_APPICON_NAME = AppIcon;
				ASSETCATALOG_COMPILER_GLOBAL_ACCENT_COLOR_NAME = AccentColor;
				CODE_SIGN_STYLE = Automatic;
				CURRENT_PROJECT_VERSION = 1;
				DEVELOPMENT_TEAM = 8L782G9K5P;
				GENERATE_INFOPLIST_FILE = YES;
				INFOPLIST_FILE = "Fake-Product-App/Info.plist";
				INFOPLIST_KEY_UIApplicationSupportsIndirectInputEvents = YES;
				INFOPLIST_KEY_UILaunchStoryboardName = LaunchScreen;
				INFOPLIST_KEY_UIMainStoryboardFile = Main;
				INFOPLIST_KEY_UISupportedInterfaceOrientations_iPad = "UIInterfaceOrientationPortrait UIInterfaceOrientationPortraitUpsideDown UIInterfaceOrientationLandscapeLeft UIInterfaceOrientationLandscapeRight";
				INFOPLIST_KEY_UISupportedInterfaceOrientations_iPhone = "UIInterfaceOrientationPortrait UIInterfaceOrientationLandscapeLeft UIInterfaceOrientationLandscapeRight";
				LD_RUNPATH_SEARCH_PATHS = (
					"$(inherited)",
					"@executable_path/Frameworks",
				);
				MARKETING_VERSION = 1.0;
				PRODUCT_BUNDLE_IDENTIFIER = "com.samdoggett.Fake-Product-App";
				PRODUCT_NAME = "$(TARGET_NAME)";
				SWIFT_EMIT_LOC_STRINGS = YES;
				SWIFT_VERSION = 5.0;
				TARGETED_DEVICE_FAMILY = 1;
			};
			name = Debug;
		};
		9F4AF4F5275154BD00E310A5 /* Release */ = {
			isa = XCBuildConfiguration;
			buildSettings = {
				ASSETCATALOG_COMPILER_APPICON_NAME = AppIcon;
				ASSETCATALOG_COMPILER_GLOBAL_ACCENT_COLOR_NAME = AccentColor;
				CODE_SIGN_STYLE = Automatic;
				CURRENT_PROJECT_VERSION = 1;
				DEVELOPMENT_TEAM = 8L782G9K5P;
				GENERATE_INFOPLIST_FILE = YES;
				INFOPLIST_FILE = "Fake-Product-App/Info.plist";
				INFOPLIST_KEY_UIApplicationSupportsIndirectInputEvents = YES;
				INFOPLIST_KEY_UILaunchStoryboardName = LaunchScreen;
				INFOPLIST_KEY_UIMainStoryboardFile = Main;
				INFOPLIST_KEY_UISupportedInterfaceOrientations_iPad = "UIInterfaceOrientationPortrait UIInterfaceOrientationPortraitUpsideDown UIInterfaceOrientationLandscapeLeft UIInterfaceOrientationLandscapeRight";
				INFOPLIST_KEY_UISupportedInterfaceOrientations_iPhone = "UIInterfaceOrientationPortrait UIInterfaceOrientationLandscapeLeft UIInterfaceOrientationLandscapeRight";
				LD_RUNPATH_SEARCH_PATHS = (
					"$(inherited)",
					"@executable_path/Frameworks",
				);
				MARKETING_VERSION = 1.0;
				PRODUCT_BUNDLE_IDENTIFIER = "com.samdoggett.Fake-Product-App";
				PRODUCT_NAME = "$(TARGET_NAME)";
				SWIFT_EMIT_LOC_STRINGS = YES;
				SWIFT_VERSION = 5.0;
				TARGETED_DEVICE_FAMILY = 1;
			};
			name = Release;
		};
/* End XCBuildConfiguration section */

/* Begin XCConfigurationList section */
		9F4AF4DA275154BA00E310A5 /* Build configuration list for PBXProject "Fake-Product-App" */ = {
			isa = XCConfigurationList;
			buildConfigurations = (
				9F4AF4F1275154BD00E310A5 /* Debug */,
				9F4AF4F2275154BD00E310A5 /* Release */,
			);
			defaultConfigurationIsVisible = 0;
			defaultConfigurationName = Release;
		};
		9F4AF4F3275154BD00E310A5 /* Build configuration list for PBXNativeTarget "Fake-Product-App" */ = {
			isa = XCConfigurationList;
			buildConfigurations = (
				9F4AF4F4275154BD00E310A5 /* Debug */,
				9F4AF4F5275154BD00E310A5 /* Release */,
			);
			defaultConfigurationIsVisible = 0;
			defaultConfigurationName = Release;
		};
/* End XCConfigurationList section */
	};
	rootObject = 9F4AF4D7275154BA00E310A5 /* Project object */;
}
